github.com/cpuguy83/go-md2man/v2 v2.0.6/go.mod git:441631534462b74c098953dbd8d5f6210994b0bf
github.com/inconshreveable/mousetrap v1.1.0 git:4e8053ee7ef85a6bd26368364a6d27f1641c1d21
github.com/inconshreveable/mousetrap v1.1.0/go.mod git:4e8053ee7ef85a6bd26368364a6d27f1641c1d21
github.com/russross/blackfriday/v2 v2.1.0/go.mod git:4c9bf9512682b995722660a4196c0013228e2049
github.com/spf13/cobra v1.10.2 git:88b30ab89da2d0d0abb153818746c5a2d30eccec
github.com/spf13/cobra v1.10.2/go.mod git:88b30ab89da2d0d0abb153818746c5a2d30eccec
github.com/spf13/pflag v1.0.9 git:10438578954bba2527fe5cae3684d4532b064bbe
github.com/spf13/pflag v1.0.9/go.mod git:10438578954bba2527fe5cae3684d4532b064bbe
github.com/stretchr/testify v1.12.1 git:959dbdacf1533e155162811ea90c90117a420463
github.com/stretchr/testify v1.12.1/go.mod git:959dbdacf1533e155162811ea90c90117a420463
go.yaml.in/yaml/v3 v3.0.4/go.mod h1:DhzuOOF2ATzADvBadXxruRBLzYTpT36CKvDb3+aBEFg=
go.yaml.in/yaml/v3 v3.0.5 h1:N6y/pJk8buWs9NY5ERU2HSMfm+IuD/OtfdAnq6kESPw=
go.yaml.in/yaml/v3 v3.0.5/go.mod h1:HVTZu1O7/Vkt2N+BFy8Zza+lnLsABggaTM2ZpNIGuKg=
gopkg.in/check.v1 v0.0.0-20161208181325-20d25e280405/go.mod h1:Co6ibVJAznAaIkqp8huTwlJQCZ016jof/cbN4VW5Yz0=
